<?xml version="1.0" encoding="utf-8"?>
<Project ToolsVersion="4.0" xmlns="http://schemas.microsoft.com/developer/msbuild/2003">
  <ItemGroup>
    <Filter Include="Source Files">
      <UniqueIdentifier>{4FC737F1-C7A5-4376-A066-2A32D752A2FF}</UniqueIdentifier>
      <Extensions>cpp;c;cc;cxx;def;odl;idl;hpj;bat;asm;asmx</Extensions>
    </Filter>
    <Filter Include="Header Files">
      <UniqueIdentifier>{93995380-89BD-4b04-88EB-625FBE52EBFB}</UniqueIdentifier>
      <Extensions>h;hh;hpp;hxx;hm;inl;inc;ipp;xsd</Extensions>
    </Filter>
    <Filter Include="Shaders">
      <UniqueIdentifier>{07ab1d50-9c6a-4b17-9f7c-ccbb812d4916}</UniqueIdentifier>
    </Filter>
    <Filter Include="Shaders\simp_triangle">
      <UniqueIdentifier>{b23aeb07-d3a2-42ae-88f7-88ec4542fb22}</UniqueIdentifier>
    </Filter>
    <Filter Include="Resources">
      <UniqueIdentifier>{96b1967d-5988-4bfc-a894-c89f89b4ba70}</UniqueIdentifier>
    </Filter>
    <Filter Include="Resources\Textures">
      <UniqueIdentifier>{17673911-043d-4dce-9d0b-e596f7e83a24}</UniqueIdentifier>
    </Filter>
    <Filter Include="Shaders\Container">
      <UniqueIdentifier>{6f14361d-a7a8-4071-9394-379815552962}</UniqueIdentifier>
    </Filter>
    <Filter Include="Shaders\LightCube">
      <UniqueIdentifier>{19181606-a13b-4bc1-a001-773dc9dee20c}</UniqueIdentifier>
    </Filter>
    <Filter Include="Shaders\ColoredCube">
      <UniqueIdentifier>{33a2a224-8ca4-4fb1-99e9-2266f4c95af5}</UniqueIdentifier>
    </Filter>
    <Filter Include="Shaders\LightingMaps">
      <UniqueIdentifier>{9d70f9a5-5f29-45b1-a2ca-06bd9494530e}</UniqueIdentifier>
    </Filter>
    <Filter Include="Shaders\Backpack">
      <UniqueIdentifier>{0509f00f-e899-4039-aa62-3963567a7ac3}</UniqueIdentifier>
    </Filter>
    <Filter Include="Shaders\Stencil">
      <UniqueIdentifier>{c66c0043-58f4-4ded-beb5-d6dffba56923}</UniqueIdentifier>
    </Filter>
  </ItemGroup>
  <ItemGroup>
    <ClCompile Include="main.cpp">
      <Filter>Source Files</Filter>
    </ClCompile>
    <ClCompile Include="glad.c">
      <Filter>Source Files</Filter>
    </ClCompile>
    <ClCompile Include="Shader.cpp">
      <Filter>Source Files</Filter>
    </ClCompile>
    <ClCompile Include="Camera.cpp">
      <Filter>Source Files</Filter>
    </ClCompile>
    <ClCompile Include="Mesh.cpp">
      <Filter>Source Files</Filter>
    </ClCompile>
    <ClCompile Include="Model.cpp">
      <Filter>Source Files</Filter>
    </ClCompile>
  </ItemGroup>
  <ItemGroup>
    <ClInclude Include="stb_image.h">
      <Filter>Header Files</Filter>
    </ClInclude>
    <ClInclude Include="Shader.h">
      <Filter>Header Files</Filter>
    </ClInclude>
    <ClInclude Include="Camera.h">
      <Filter>Header Files</Filter>
    </ClInclude>
    <ClInclude Include="Utilities.h">
      <Filter>Header Files</Filter>
    </ClInclude>
    <ClInclude Include="Mesh.h">
      <Filter>Header Files</Filter>
    </ClInclude>
    <ClInclude Include="Model.h">
      <Filter>Header Files</Filter>
    </ClInclude>
  </ItemGroup>
  <ItemGroup>
    <None Include="Shaders\simp_triangle\fragment.frag">
      <Filter>Shaders\simp_triangle</Filter>
    </None>
    <None Include="Shaders\simp_triangle\vertex.vert">
      <Filter>Shaders\simp_triangle</Filter>
    </None>
    <None Include="Shaders\Container\texfrag.frag">
      <Filter>Shaders\Container</Filter>
    </None>
    <None Include="Shaders\Container\texvertex.vert">
      <Filter>Shaders\Container</Filter>
    </None>
    <None Include="Shaders\LightCube\lightCube.frag">
      <Filter>Shaders\LightCube</Filter>
    </None>
    <None Include="Shaders\LightCube\lightCube.vert">
      <Filter>Shaders\LightCube</Filter>
    </None>
    <None Include="Shaders\ColoredCube\coloredCube.vert">
      <Filter>Shaders\ColoredCube</Filter>
    </None>
    <None Include="Shaders\ColoredCube\coloredCube.frag">
      <Filter>Shaders\ColoredCube</Filter>
    </None>
    <None Include="Shaders\LightingMaps\lightingMaps.frag">
      <Filter>Shaders\LightingMaps</Filter>
    </None>
    <None Include="Shaders\LightingMaps\lightingMaps.vert">
      <Filter>Shaders\LightingMaps</Filter>
    </None>
    <None Include="Shaders\backpack\backpack.vert">
      <Filter>Shaders\Backpack</Filter>
    </None>
    <None Include="Shaders\backpack\backpack.frag">
      <Filter>Shaders\Backpack</Filter>
    </None>
    <None Include="Shaders\Stencil\stencil_testing.frag">
      <Filter>Shaders\Stencil</Filter>
    </None>
    <None Include="Shaders\Stencil\stencil_testing.vert">
      <Filter>Shaders\Stencil</Filter>
    </None>
    <None Include="Shaders\Stencil\border.frag">
      <Filter>Shaders\Stencil</Filter>
    </None>
  </ItemGroup>
  <ItemGroup>
    <Image Include="Resources\Textures\awesomeface.png">
      <Filter>Resources\Textures</Filter>
    </Image>
    <Image Include="Resources\Textures\container.jpg">
      <Filter>Resources\Textures</Filter>
    </Image>
    <Image Include="Resources\Textures\wall.jpg">
      <Filter>Resources\Textures</Filter>
    </Image>
    <Image Include="Resources\Textures\container2.png">
      <Filter>Resources\Textures</Filter>
    </Image>
    <Image Include="Resources\Textures\fma.jpg">
      <Filter>Resources\Textures</Filter>
    </Image>
    <Image Include="Resources\Textures\container2_specular.png">
      <Filter>Resources\Textures</Filter>
    </Image>
  </ItemGroup>
</Project>